
Microsoft Visual Studio Solution File, Format Version 11.00
# Visual Studio 2010
Project("{FAE04EC0-301F-11D3-BF4B-00C04F79EFBC}") = "Assembly-CSharp", "Assembly-CSharp.csproj", "{3559a229-95e0-858e-f19d-74f92b618bbd}"
EndProject
Project("{FAE04EC0-301F-11D3-BF4B-00C04F79EFBC}") = "Assembly-CSharp-Editor", "Assembly-CSharp-Editor.csproj", "{ff0984cd-8f4b-0628-c48a-449949ed89f7}"
EndProject
Global
	GlobalSection(SolutionConfigurationPlatforms) = preSolution
		Debug|Any CPU = Debug|Any CPU
		Release|Any CPU = Release|Any CPU
	EndGlobalSection
	GlobalSection(ProjectConfigurationPlatforms) = postSolution
		{3559a229-95e0-858e-f19d-74f92b618bbd}.Debug|Any CPU.ActiveCfg = Debug|Any CPU
		{3559a229-95e0-858e-f19d-74f92b618bbd}.Debug|Any CPU.Build.0 = Debug|Any CPU
		{3559a229-95e0-858e-f19d-74f92b618bbd}.Release|Any CPU.ActiveCfg = Release|Any CPU
		{3559a229-95e0-858e-f19d-74f92b618bbd}.Release|Any CPU.Build.0 = Release|Any CPU
		{ff0984cd-8f4b-0628-c48a-449949ed89f7}.Debug|Any CPU.ActiveCfg = Debug|Any CPU
		{ff0984cd-8f4b-0628-c48a-449949ed89f7}.Debug|Any CPU.Build.0 = Debug|Any CPU
		{ff0984cd-8f4b-0628-c48a-449949ed89f7}.Release|Any CPU.ActiveCfg = Release|Any CPU
		{ff0984cd-8f4b-0628-c48a-449949ed89f7}.Release|Any CPU.Build.0 = Release|Any CPU
	EndGlobalSection
	GlobalSection(SolutionProperties) = preSolution
		HideSolutionNode = FALSE
	EndGlobalSection
EndGlobal
